
Microsoft Visual Studio Solution File, Format Version 12.00
# Visual Studio 15
VisualStudioVersion = 15.0.27703.2000
MinimumVisualStudioVersion = 10.0.40219.1
Project("{FAE04EC0-301F-11D3-BF4B-00C04F79EFBC}") = "BedLeveler", "BedLeveler.csproj", "{D51F6DC3-B56E-4C68-8C96-4709064F2C74}"
EndProject
Global
	GlobalSection(SolutionConfigurationPlatforms) = preSolution
		Debug|Any CPU = Debug|Any CPU
		Release|Any CPU = Release|Any CPU
	EndGlobalSection
	GlobalSection(ProjectConfigurationPlatforms) = postSolution
		{D51F6DC3-B56E-4C68-8C96-4709064F2C74}.Debug|Any CPU.ActiveCfg = Debug|Any CPU
		{D51F6DC3-B56E-4C68-8C96-4709064F2C74}.Debug|Any CPU.Build.0 = Debug|Any CPU
		{D51F6DC3-B56E-4C68-8C96-4709064F2C74}.Release|Any CPU.ActiveCfg = Release|Any CPU
		{D51F6DC3-B56E-4C68-8C96-4709064F2C74}.Release|Any CPU.Build.0 = Release|Any CPU
	EndGlobalSection
	GlobalSection(SolutionProperties) = preSolution
		HideSolutionNode = FALSE
	EndGlobalSection
	GlobalSection(ExtensibilityGlobals) = postSolution
		SolutionGuid = {97F5CBF8-4304-4FA1-A71F-6BC2450481C8}
	EndGlobalSection
EndGlobal
